
Microsoft Visual Studio Solution File, Format Version 12.00
# Visual Studio Version 17
VisualStudioVersion = 17.8.34309.116
MinimumVisualStudioVersion = 10.0.40219.1
Project("{2150E333-8FDC-42A3-9474-1A3956D46DE8}") = "Services", "Services", "{19F81B14-38F0-42CB-BB4D-54C03BEE222B}"
EndProject
Project("{2150E333-8FDC-42A3-9474-1A3956D46DE8}") = "Catalog", "Catalog", "{9778BB98-C494-4A5E-81CB-D4FDDBCEBABC}"
EndProject
Project("{9A19103F-16F7-4668-BE54-9A1E7A4F7556}") = "Catalog.Api", "Services\Catalog\Catalog.Api\Catalog.Api.csproj", "{645E50DC-9FEB-43D9-9AC4-552908551CF7}"
EndProject
Project("{9A19103F-16F7-4668-BE54-9A1E7A4F7556}") = "Catalog.Application", "Services\Catalog\Catalog.Application\Catalog.Application.csproj", "{15340168-C60D-46A5-8EC7-9EA0CA7CA046}"
EndProject
Project("{9A19103F-16F7-4668-BE54-9A1E7A4F7556}") = "Catalog.Core", "Services\Catalog\Catalog.Core\Catalog.Core.csproj", "{D987F888-6464-4D0E-A230-EEA60FE4C3EB}"
EndProject
Project("{9A19103F-16F7-4668-BE54-9A1E7A4F7556}") = "Catalog.Infrastructure", "Services\Catalog\Catalog.Infrastructure\Catalog.Infrastructure.csproj", "{1D1244DF-5E03-4E15-9CB2-AB649E9A12B3}"
EndProject
Project("{2150E333-8FDC-42A3-9474-1A3956D46DE8}") = "Basket", "Basket", "{7F28EED3-8BD9-47D1-AF97-604BCAE64CB5}"
EndProject
Project("{9A19103F-16F7-4668-BE54-9A1E7A4F7556}") = "Basket.Core", "Services\Basket\Basket.Core\Basket.Core.csproj", "{7462A8F2-A682-4F91-9568-057099F11DA1}"
EndProject
Project("{9A19103F-16F7-4668-BE54-9A1E7A4F7556}") = "Basket.Application", "Services\Basket\Basket.Application\Basket.Application.csproj", "{CE96EDD8-51D7-4A05-B86E-12BCEF11A368}"
EndProject
Project("{9A19103F-16F7-4668-BE54-9A1E7A4F7556}") = "Basket.Infrastructure", "Services\Basket\Basket.Infrastructure\Basket.Infrastructure.csproj", "{D79BE642-3187-4B27-B138-ED28A3245E11}"
EndProject
Project("{9A19103F-16F7-4668-BE54-9A1E7A4F7556}") = "Basket.Api", "Services\Basket\Basket.Api\Basket.Api.csproj", "{78D0BA5A-C522-4DFB-A2AF-A9B5BEC0F49B}"
EndProject
Project("{2150E333-8FDC-42A3-9474-1A3956D46DE8}") = "Discount", "Discount", "{05C99E39-1579-42EA-A712-36961A341A32}"
EndProject
Project("{9A19103F-16F7-4668-BE54-9A1E7A4F7556}") = "Discount.Api", "Services\Discount\Discount.Api\Discount.Api.csproj", "{D950F8B1-4169-485C-859C-83FF92773241}"
EndProject
Project("{9A19103F-16F7-4668-BE54-9A1E7A4F7556}") = "Discount.Application", "Services\Discount\Discount.Application\Discount.Application.csproj", "{8C68C59B-27D3-4A0F-849A-3D66965BC0D0}"
EndProject
Project("{9A19103F-16F7-4668-BE54-9A1E7A4F7556}") = "Discount.Core", "Services\Discount\Discount.Core\Discount.Core.csproj", "{44EA9899-531E-4C9D-AA1D-EFEA8CFA293C}"
EndProject
Project("{9A19103F-16F7-4668-BE54-9A1E7A4F7556}") = "Discount.Infrastructure", "Services\Discount\Discount.Infrastructure\Discount.Infrastructure.csproj", "{E8E4FA08-A417-421A-A49E-CFC7777D5B60}"
EndProject
Project("{2150E333-8FDC-42A3-9474-1A3956D46DE8}") = "Ordering", "Ordering", "{D488E7D4-C04E-4958-97CA-B43E32057DB4}"
EndProject
Project("{9A19103F-16F7-4668-BE54-9A1E7A4F7556}") = "Ordering.Api", "Services\Ordering\Ordering.Api\Ordering.Api.csproj", "{878F6C24-C27B-4242-9378-66E4115B88C2}"
EndProject
Project("{9A19103F-16F7-4668-BE54-9A1E7A4F7556}") = "Ordering.Application", "Services\Ordering\Ordering.Application\Ordering.Application.csproj", "{4A499766-3658-4B51-BEBB-16BDA079677C}"
EndProject
Project("{9A19103F-16F7-4668-BE54-9A1E7A4F7556}") = "Ordering.Core", "Services\Ordering\Ordering.Core\Ordering.Core.csproj", "{0D9A939B-0FF8-4AF2-A9C0-1F28B134CDBF}"
EndProject
Project("{9A19103F-16F7-4668-BE54-9A1E7A4F7556}") = "Ordering.Infrastructure", "Services\Ordering\Ordering.Infrastructure\Ordering.Infrastructure.csproj", "{1A9721FA-09A7-4D73-8BAE-8C7CAF37AD5F}"
EndProject
Project("{2150E333-8FDC-42A3-9474-1A3956D46DE8}") = "Infrastructure", "Infrastructure", "{7F743E85-6FA4-4B64-83F4-529D53D00F32}"
EndProject
Project("{9A19103F-16F7-4668-BE54-9A1E7A4F7556}") = "EventBus.Messages", "Infrastructure\EventBus.Messages\EventBus.Messages.csproj", "{A2A15DE4-AC9A-4FE7-9B21-87D5D6A3ED9E}"
EndProject
Project("{2150E333-8FDC-42A3-9474-1A3956D46DE8}") = "ApiGateways", "ApiGateways", "{A0AA24BB-DD3A-4B4D-A1A7-F528859DE2C1}"
EndProject
Project("{9A19103F-16F7-4668-BE54-9A1E7A4F7556}") = "Ocelot.ApiGateway", "ApiGateways\Ocelot.ApiGateway\Ocelot.ApiGateway.csproj", "{A7B35EB5-E324-4E35-808E-214411A92D9D}"
EndProject
Project("{9A19103F-16F7-4668-BE54-9A1E7A4F7556}") = "IdentityServer", "Infrastructure\IdentityServer\IdentityServer.csproj", "{E1B91CD4-66B6-464F-ADD4-3F19CC0880B9}"
EndProject
Global
	GlobalSection(SolutionConfigurationPlatforms) = preSolution
		Debug|Any CPU = Debug|Any CPU
		Release|Any CPU = Release|Any CPU
	EndGlobalSection
	GlobalSection(ProjectConfigurationPlatforms) = postSolution
		{645E50DC-9FEB-43D9-9AC4-552908551CF7}.Debug|Any CPU.ActiveCfg = Debug|Any CPU
		{645E50DC-9FEB-43D9-9AC4-552908551CF7}.Debug|Any CPU.Build.0 = Debug|Any CPU
		{645E50DC-9FEB-43D9-9AC4-552908551CF7}.Release|Any CPU.ActiveCfg = Release|Any CPU
		{645E50DC-9FEB-43D9-9AC4-552908551CF7}.Release|Any CPU.Build.0 = Release|Any CPU
		{15340168-C60D-46A5-8EC7-9EA0CA7CA046}.Debug|Any CPU.ActiveCfg = Debug|Any CPU
		{15340168-C60D-46A5-8EC7-9EA0CA7CA046}.Debug|Any CPU.Build.0 = Debug|Any CPU
		{15340168-C60D-46A5-8EC7-9EA0CA7CA046}.Release|Any CPU.ActiveCfg = Release|Any CPU
		{15340168-C60D-46A5-8EC7-9EA0CA7CA046}.Release|Any CPU.Build.0 = Release|Any CPU
		{D987F888-6464-4D0E-A230-EEA60FE4C3EB}.Debug|Any CPU.ActiveCfg = Debug|Any CPU
		{D987F888-6464-4D0E-A230-EEA60FE4C3EB}.Debug|Any CPU.Build.0 = Debug|Any CPU
		{D987F888-6464-4D0E-A230-EEA60FE4C3EB}.Release|Any CPU.ActiveCfg = Release|Any CPU
		{D987F888-6464-4D0E-A230-EEA60FE4C3EB}.Release|Any CPU.Build.0 = Release|Any CPU
		{1D1244DF-5E03-4E15-9CB2-AB649E9A12B3}.Debug|Any CPU.ActiveCfg = Debug|Any CPU
		{1D1244DF-5E03-4E15-9CB2-AB649E9A12B3}.Debug|Any CPU.Build.0 = Debug|Any CPU
		{1D1244DF-5E03-4E15-9CB2-AB649E9A12B3}.Release|Any CPU.ActiveCfg = Release|Any CPU
		{1D1244DF-5E03-4E15-9CB2-AB649E9A12B3}.Release|Any CPU.Build.0 = Release|Any CPU
		{7462A8F2-A682-4F91-9568-057099F11DA1}.Debug|Any CPU.ActiveCfg = Debug|Any CPU
		{7462A8F2-A682-4F91-9568-057099F11DA1}.Debug|Any CPU.Build.0 = Debug|Any CPU
		{7462A8F2-A682-4F91-9568-057099F11DA1}.Release|Any CPU.ActiveCfg = Release|Any CPU
		{7462A8F2-A682-4F91-9568-057099F11DA1}.Release|Any CPU.Build.0 = Release|Any CPU
		{CE96EDD8-51D7-4A05-B86E-12BCEF11A368}.Debug|Any CPU.ActiveCfg = Debug|Any CPU
		{CE96EDD8-51D7-4A05-B86E-12BCEF11A368}.Debug|Any CPU.Build.0 = Debug|Any CPU
		{CE96EDD8-51D7-4A05-B86E-12BCEF11A368}.Release|Any CPU.ActiveCfg = Release|Any CPU
		{CE96EDD8-51D7-4A05-B86E-12BCEF11A368}.Release|Any CPU.Build.0 = Release|Any CPU
		{D79BE642-3187-4B27-B138-ED28A3245E11}.Debug|Any CPU.ActiveCfg = Debug|Any CPU
		{D79BE642-3187-4B27-B138-ED28A3245E11}.Debug|Any CPU.Build.0 = Debug|Any CPU
		{D79BE642-3187-4B27-B138-ED28A3245E11}.Release|Any CPU.ActiveCfg = Release|Any CPU
		{D79BE642-3187-4B27-B138-ED28A3245E11}.Release|Any CPU.Build.0 = Release|Any CPU
		{78D0BA5A-C522-4DFB-A2AF-A9B5BEC0F49B}.Debug|Any CPU.ActiveCfg = Debug|Any CPU
		{78D0BA5A-C522-4DFB-A2AF-A9B5BEC0F49B}.Debug|Any CPU.Build.0 = Debug|Any CPU
		{78D0BA5A-C522-4DFB-A2AF-A9B5BEC0F49B}.Release|Any CPU.ActiveCfg = Release|Any CPU
		{78D0BA5A-C522-4DFB-A2AF-A9B5BEC0F49B}.Release|Any CPU.Build.0 = Release|Any CPU
		{D950F8B1-4169-485C-859C-83FF92773241}.Debug|Any CPU.ActiveCfg = Debug|Any CPU
		{D950F8B1-4169-485C-859C-83FF92773241}.Debug|Any CPU.Build.0 = Debug|Any CPU
		{D950F8B1-4169-485C-859C-83FF92773241}.Release|Any CPU.ActiveCfg = Release|Any CPU
		{D950F8B1-4169-485C-859C-83FF92773241}.Release|Any CPU.Build.0 = Release|Any CPU
		{8C68C59B-27D3-4A0F-849A-3D66965BC0D0}.Debug|Any CPU.ActiveCfg = Debug|Any CPU
		{8C68C59B-27D3-4A0F-849A-3D66965BC0D0}.Debug|Any CPU.Build.0 = Debug|Any CPU
		{8C68C59B-27D3-4A0F-849A-3D66965BC0D0}.Release|Any CPU.ActiveCfg = Release|Any CPU
		{8C68C59B-27D3-4A0F-849A-3D66965BC0D0}.Release|Any CPU.Build.0 = Release|Any CPU
		{44EA9899-531E-4C9D-AA1D-EFEA8CFA293C}.Debug|Any CPU.ActiveCfg = Debug|Any CPU
		{44EA9899-531E-4C9D-AA1D-EFEA8CFA293C}.Debug|Any CPU.Build.0 = Debug|Any CPU
		{44EA9899-531E-4C9D-AA1D-EFEA8CFA293C}.Release|Any CPU.ActiveCfg = Release|Any CPU
		{44EA9899-531E-4C9D-AA1D-EFEA8CFA293C}.Release|Any CPU.Build.0 = Release|Any CPU
		{E8E4FA08-A417-421A-A49E-CFC7777D5B60}.Debug|Any CPU.ActiveCfg = Debug|Any CPU
		{E8E4FA08-A417-421A-A49E-CFC7777D5B60}.Debug|Any CPU.Build.0 = Debug|Any CPU
		{E8E4FA08-A417-421A-A49E-CFC7777D5B60}.Release|Any CPU.ActiveCfg = Release|Any CPU
		{E8E4FA08-A417-421A-A49E-CFC7777D5B60}.Release|Any CPU.Build.0 = Release|Any CPU
		{878F6C24-C27B-4242-9378-66E4115B88C2}.Debug|Any CPU.ActiveCfg = Debug|Any CPU
		{878F6C24-C27B-4242-9378-66E4115B88C2}.Debug|Any CPU.Build.0 = Debug|Any CPU
		{878F6C24-C27B-4242-9378-66E4115B88C2}.Release|Any CPU.ActiveCfg = Release|Any CPU
		{878F6C24-C27B-4242-9378-66E4115B88C2}.Release|Any CPU.Build.0 = Release|Any CPU
		{4A499766-3658-4B51-BEBB-16BDA079677C}.Debug|Any CPU.ActiveCfg = Debug|Any CPU
		{4A499766-3658-4B51-BEBB-16BDA079677C}.Debug|Any CPU.Build.0 = Debug|Any CPU
		{4A499766-3658-4B51-BEBB-16BDA079677C}.Release|Any CPU.ActiveCfg = Release|Any CPU
		{4A499766-3658-4B51-BEBB-16BDA079677C}.Release|Any CPU.Build.0 = Release|Any CPU
		{0D9A939B-0FF8-4AF2-A9C0-1F28B134CDBF}.Debug|Any CPU.ActiveCfg = Debug|Any CPU
		{0D9A939B-0FF8-4AF2-A9C0-1F28B134CDBF}.Debug|Any CPU.Build.0 = Debug|Any CPU
		{0D9A939B-0FF8-4AF2-A9C0-1F28B134CDBF}.Release|Any CPU.ActiveCfg = Release|Any CPU
		{0D9A939B-0FF8-4AF2-A9C0-1F28B134CDBF}.Release|Any CPU.Build.0 = Release|Any CPU
		{1A9721FA-09A7-4D73-8BAE-8C7CAF37AD5F}.Debug|Any CPU.ActiveCfg = Debug|Any CPU
		{1A9721FA-09A7-4D73-8BAE-8C7CAF37AD5F}.Debug|Any CPU.Build.0 = Debug|Any CPU
		{1A9721FA-09A7-4D73-8BAE-8C7CAF37AD5F}.Release|Any CPU.ActiveCfg = Release|Any CPU
		{1A9721FA-09A7-4D73-8BAE-8C7CAF37AD5F}.Release|Any CPU.Build.0 = Release|Any CPU
		{A2A15DE4-AC9A-4FE7-9B21-87D5D6A3ED9E}.Debug|Any CPU.ActiveCfg = Debug|Any CPU
		{A2A15DE4-AC9A-4FE7-9B21-87D5D6A3ED9E}.Debug|Any CPU.Build.0 = Debug|Any CPU
		{A2A15DE4-AC9A-4FE7-9B21-87D5D6A3ED9E}.Release|Any CPU.ActiveCfg = Release|Any CPU
		{A2A15DE4-AC9A-4FE7-9B21-87D5D6A3ED9E}.Release|Any CPU.Build.0 = Release|Any CPU
		{A7B35EB5-E324-4E35-808E-214411A92D9D}.Debug|Any CPU.ActiveCfg = Debug|Any CPU
		{A7B35EB5-E324-4E35-808E-214411A92D9D}.Debug|Any CPU.Build.0 = Debug|Any CPU
		{A7B35EB5-E324-4E35-808E-214411A92D9D}.Release|Any CPU.ActiveCfg = Release|Any CPU
		{A7B35EB5-E324-4E35-808E-214411A92D9D}.Release|Any CPU.Build.0 = Release|Any CPU
		{E1B91CD4-66B6-464F-ADD4-3F19CC0880B9}.Debug|Any CPU.ActiveCfg = Debug|Any CPU
		{E1B91CD4-66B6-464F-ADD4-3F19CC0880B9}.Debug|Any CPU.Build.0 = Debug|Any CPU
		{E1B91CD4-66B6-464F-ADD4-3F19CC0880B9}.Release|Any CPU.ActiveCfg = Release|Any CPU
		{E1B91CD4-66B6-464F-ADD4-3F19CC0880B9}.Release|Any CPU.Build.0 = Release|Any CPU
	EndGlobalSection
	GlobalSection(SolutionProperties) = preSolution
		HideSolutionNode = FALSE
	EndGlobalSection
	GlobalSection(NestedProjects) = preSolution
		{9778BB98-C494-4A5E-81CB-D4FDDBCEBABC} = {19F81B14-38F0-42CB-BB4D-54C03BEE222B}
		{645E50DC-9FEB-43D9-9AC4-552908551CF7} = {9778BB98-C494-4A5E-81CB-D4FDDBCEBABC}
		{15340168-C60D-46A5-8EC7-9EA0CA7CA046} = {9778BB98-C494-4A5E-81CB-D4FDDBCEBABC}
		{D987F888-6464-4D0E-A230-EEA60FE4C3EB} = {9778BB98-C494-4A5E-81CB-D4FDDBCEBABC}
		{1D1244DF-5E03-4E15-9CB2-AB649E9A12B3} = {9778BB98-C494-4A5E-81CB-D4FDDBCEBABC}
		{7F28EED3-8BD9-47D1-AF97-604BCAE64CB5} = {19F81B14-38F0-42CB-BB4D-54C03BEE222B}
		{7462A8F2-A682-4F91-9568-057099F11DA1} = {7F28EED3-8BD9-47D1-AF97-604BCAE64CB5}
		{CE96EDD8-51D7-4A05-B86E-12BCEF11A368} = {7F28EED3-8BD9-47D1-AF97-604BCAE64CB5}
		{D79BE642-3187-4B27-B138-ED28A3245E11} = {7F28EED3-8BD9-47D1-AF97-604BCAE64CB5}
		{78D0BA5A-C522-4DFB-A2AF-A9B5BEC0F49B} = {7F28EED3-8BD9-47D1-AF97-604BCAE64CB5}
		{05C99E39-1579-42EA-A712-36961A341A32} = {19F81B14-38F0-42CB-BB4D-54C03BEE222B}
		{D950F8B1-4169-485C-859C-83FF92773241} = {05C99E39-1579-42EA-A712-36961A341A32}
		{8C68C59B-27D3-4A0F-849A-3D66965BC0D0} = {05C99E39-1579-42EA-A712-36961A341A32}
		{44EA9899-531E-4C9D-AA1D-EFEA8CFA293C} = {05C99E39-1579-42EA-A712-36961A341A32}
		{E8E4FA08-A417-421A-A49E-CFC7777D5B60} = {05C99E39-1579-42EA-A712-36961A341A32}
		{D488E7D4-C04E-4958-97CA-B43E32057DB4} = {19F81B14-38F0-42CB-BB4D-54C03BEE222B}
		{878F6C24-C27B-4242-9378-66E4115B88C2} = {D488E7D4-C04E-4958-97CA-B43E32057DB4}
		{4A499766-3658-4B51-BEBB-16BDA079677C} = {D488E7D4-C04E-4958-97CA-B43E32057DB4}
		{0D9A939B-0FF8-4AF2-A9C0-1F28B134CDBF} = {D488E7D4-C04E-4958-97CA-B43E32057DB4}
		{1A9721FA-09A7-4D73-8BAE-8C7CAF37AD5F} = {D488E7D4-C04E-4958-97CA-B43E32057DB4}
		{A2A15DE4-AC9A-4FE7-9B21-87D5D6A3ED9E} = {7F743E85-6FA4-4B64-83F4-529D53D00F32}
		{A7B35EB5-E324-4E35-808E-214411A92D9D} = {A0AA24BB-DD3A-4B4D-A1A7-F528859DE2C1}
		{E1B91CD4-66B6-464F-ADD4-3F19CC0880B9} = {7F743E85-6FA4-4B64-83F4-529D53D00F32}
	EndGlobalSection
	GlobalSection(ExtensibilityGlobals) = postSolution
		SolutionGuid = {766841FF-05C4-48BD-B3CC-F0EEE477F5DF}
	EndGlobalSection
EndGlobal
