
Microsoft Visual Studio Solution File, Format Version 12.00
# Visual Studio Version 17
VisualStudioVersion = 17.8.34309.116
MinimumVisualStudioVersion = 10.0.40219.1
Project("{2150E333-8FDC-42A3-9474-1A3956D46DE8}") = "Services", "Services", "{19F81B14-38F0-42CB-BB4D-54C03BEE222B}"
EndProject
Project("{2150E333-8FDC-42A3-9474-1A3956D46DE8}") = "Catalog", "Catalog", "{9778BB98-C494-4A5E-81CB-D4FDDBCEBABC}"
EndProject
Project("{FAE04EC0-301F-11D3-BF4B-00C04F79EFBC}") = "Catalog.Api", "Services\Catalog\Catalog.Api\Catalog.Api.csproj", "{645E50DC-9FEB-43D9-9AC4-552908551CF7}"
EndProject
Project("{FAE04EC0-301F-11D3-BF4B-00C04F79EFBC}") = "Catalog.Application", "Services\Catalog\Catalog.Application\Catalog.Application.csproj", "{15340168-C60D-46A5-8EC7-9EA0CA7CA046}"
EndProject
Project("{FAE04EC0-301F-11D3-BF4B-00C04F79EFBC}") = "Catalog.Core", "Services\Catalog\Catalog.Core\Catalog.Core.csproj", "{D987F888-6464-4D0E-A230-EEA60FE4C3EB}"
EndProject
Project("{FAE04EC0-301F-11D3-BF4B-00C04F79EFBC}") = "Catalog.Infrastructure", "Services\Catalog\Catalog.Infrastructure\Catalog.Infrastructure.csproj", "{1D1244DF-5E03-4E15-9CB2-AB649E9A12B3}"
EndProject
Global
	GlobalSection(SolutionConfigurationPlatforms) = preSolution
		Debug|Any CPU = Debug|Any CPU
		Release|Any CPU = Release|Any CPU
	EndGlobalSection
	GlobalSection(ProjectConfigurationPlatforms) = postSolution
		{87A1A9F7-D9B9-4431-8804-CFB08CDEC960}.Debug|Any CPU.ActiveCfg = Debug|Any CPU
		{87A1A9F7-D9B9-4431-8804-CFB08CDEC960}.Debug|Any CPU.Build.0 = Debug|Any CPU
		{87A1A9F7-D9B9-4431-8804-CFB08CDEC960}.Release|Any CPU.ActiveCfg = Release|Any CPU
		{87A1A9F7-D9B9-4431-8804-CFB08CDEC960}.Release|Any CPU.Build.0 = Release|Any CPU
		{645E50DC-9FEB-43D9-9AC4-552908551CF7}.Debug|Any CPU.ActiveCfg = Debug|Any CPU
		{645E50DC-9FEB-43D9-9AC4-552908551CF7}.Debug|Any CPU.Build.0 = Debug|Any CPU
		{645E50DC-9FEB-43D9-9AC4-552908551CF7}.Release|Any CPU.ActiveCfg = Release|Any CPU
		{645E50DC-9FEB-43D9-9AC4-552908551CF7}.Release|Any CPU.Build.0 = Release|Any CPU
		{15340168-C60D-46A5-8EC7-9EA0CA7CA046}.Debug|Any CPU.ActiveCfg = Debug|Any CPU
		{15340168-C60D-46A5-8EC7-9EA0CA7CA046}.Debug|Any CPU.Build.0 = Debug|Any CPU
		{15340168-C60D-46A5-8EC7-9EA0CA7CA046}.Release|Any CPU.ActiveCfg = Release|Any CPU
		{15340168-C60D-46A5-8EC7-9EA0CA7CA046}.Release|Any CPU.Build.0 = Release|Any CPU
		{D987F888-6464-4D0E-A230-EEA60FE4C3EB}.Debug|Any CPU.ActiveCfg = Debug|Any CPU
		{D987F888-6464-4D0E-A230-EEA60FE4C3EB}.Debug|Any CPU.Build.0 = Debug|Any CPU
		{D987F888-6464-4D0E-A230-EEA60FE4C3EB}.Release|Any CPU.ActiveCfg = Release|Any CPU
		{D987F888-6464-4D0E-A230-EEA60FE4C3EB}.Release|Any CPU.Build.0 = Release|Any CPU
		{1D1244DF-5E03-4E15-9CB2-AB649E9A12B3}.Debug|Any CPU.ActiveCfg = Debug|Any CPU
		{1D1244DF-5E03-4E15-9CB2-AB649E9A12B3}.Debug|Any CPU.Build.0 = Debug|Any CPU
		{1D1244DF-5E03-4E15-9CB2-AB649E9A12B3}.Release|Any CPU.ActiveCfg = Release|Any CPU
		{1D1244DF-5E03-4E15-9CB2-AB649E9A12B3}.Release|Any CPU.Build.0 = Release|Any CPU
	EndGlobalSection
	GlobalSection(SolutionProperties) = preSolution
		HideSolutionNode = FALSE
	EndGlobalSection
	GlobalSection(NestedProjects) = preSolution
		{9778BB98-C494-4A5E-81CB-D4FDDBCEBABC} = {19F81B14-38F0-42CB-BB4D-54C03BEE222B}
		{645E50DC-9FEB-43D9-9AC4-552908551CF7} = {9778BB98-C494-4A5E-81CB-D4FDDBCEBABC}
		{15340168-C60D-46A5-8EC7-9EA0CA7CA046} = {9778BB98-C494-4A5E-81CB-D4FDDBCEBABC}
		{D987F888-6464-4D0E-A230-EEA60FE4C3EB} = {9778BB98-C494-4A5E-81CB-D4FDDBCEBABC}
		{1D1244DF-5E03-4E15-9CB2-AB649E9A12B3} = {9778BB98-C494-4A5E-81CB-D4FDDBCEBABC}
	EndGlobalSection
	GlobalSection(ExtensibilityGlobals) = postSolution
		SolutionGuid = {766841FF-05C4-48BD-B3CC-F0EEE477F5DF}
	EndGlobalSection
EndGlobal
